
Microsoft Visual Studio Solution File, Format Version 12.00
# Visual Studio Version 17
VisualStudioVersion = 17.2.32630.192
MinimumVisualStudioVersion = 10.0.40219.1
Project("{FAE04EC0-301F-11D3-BF4B-00C04F79EFBC}") = "Members-Finalizers-Destructors", "Members-Finalizers-Destructors\Members-Finalizers-Destructors.csproj", "{383D6C2D-EF5B-4E6F-A95E-FCC71E200AE1}"
EndProject
Global
	GlobalSection(SolutionConfigurationPlatforms) = preSolution
		Debug|Any CPU = Debug|Any CPU
		Release|Any CPU = Release|Any CPU
	EndGlobalSection
	GlobalSection(ProjectConfigurationPlatforms) = postSolution
		{383D6C2D-EF5B-4E6F-A95E-FCC71E200AE1}.Debug|Any CPU.ActiveCfg = Debug|Any CPU
		{383D6C2D-EF5B-4E6F-A95E-FCC71E200AE1}.Debug|Any CPU.Build.0 = Debug|Any CPU
		{383D6C2D-EF5B-4E6F-A95E-FCC71E200AE1}.Release|Any CPU.ActiveCfg = Release|Any CPU
		{383D6C2D-EF5B-4E6F-A95E-FCC71E200AE1}.Release|Any CPU.Build.0 = Release|Any CPU
	EndGlobalSection
	GlobalSection(SolutionProperties) = preSolution
		HideSolutionNode = FALSE
	EndGlobalSection
	GlobalSection(ExtensibilityGlobals) = postSolution
		SolutionGuid = {FFC93371-280B-4657-91B2-E0C37EC61992}
	EndGlobalSection
EndGlobal
