
Microsoft Visual Studio Solution File, Format Version 12.00
# Visual Studio Version 17
VisualStudioVersion = 17.3.32804.467
MinimumVisualStudioVersion = 10.0.40219.1
Project("{FAE04EC0-301F-11D3-BF4B-00C04F79EFBC}") = "WPF_App_02", "WPF_App_02\WPF_App_02.csproj", "{5B467368-11E4-419E-B64C-EC13D69A4414}"
EndProject
Global
	GlobalSection(SolutionConfigurationPlatforms) = preSolution
		Debug|Any CPU = Debug|Any CPU
		Release|Any CPU = Release|Any CPU
	EndGlobalSection
	GlobalSection(ProjectConfigurationPlatforms) = postSolution
		{5B467368-11E4-419E-B64C-EC13D69A4414}.Debug|Any CPU.ActiveCfg = Debug|Any CPU
		{5B467368-11E4-419E-B64C-EC13D69A4414}.Debug|Any CPU.Build.0 = Debug|Any CPU
		{5B467368-11E4-419E-B64C-EC13D69A4414}.Release|Any CPU.ActiveCfg = Release|Any CPU
		{5B467368-11E4-419E-B64C-EC13D69A4414}.Release|Any CPU.Build.0 = Release|Any CPU
	EndGlobalSection
	GlobalSection(SolutionProperties) = preSolution
		HideSolutionNode = FALSE
	EndGlobalSection
	GlobalSection(ExtensibilityGlobals) = postSolution
		SolutionGuid = {6AF5FD11-CD66-43EF-B724-D132D00DBE41}
	EndGlobalSection
EndGlobal
