
Microsoft Visual Studio Solution File, Format Version 12.00
# Visual Studio Version 17
VisualStudioVersion = 17.2.32616.157
MinimumVisualStudioVersion = 10.0.40219.1
Project("{FAE04EC0-301F-11D3-BF4B-00C04F79EFBC}") = "BreakAndContinue", "BreakAndContinue\BreakAndContinue.csproj", "{D02B325A-8194-4804-B56B-B93CB9D3A27E}"
EndProject
Global
	GlobalSection(SolutionConfigurationPlatforms) = preSolution
		Debug|Any CPU = Debug|Any CPU
		Release|Any CPU = Release|Any CPU
	EndGlobalSection
	GlobalSection(ProjectConfigurationPlatforms) = postSolution
		{D02B325A-8194-4804-B56B-B93CB9D3A27E}.Debug|Any CPU.ActiveCfg = Debug|Any CPU
		{D02B325A-8194-4804-B56B-B93CB9D3A27E}.Debug|Any CPU.Build.0 = Debug|Any CPU
		{D02B325A-8194-4804-B56B-B93CB9D3A27E}.Release|Any CPU.ActiveCfg = Release|Any CPU
		{D02B325A-8194-4804-B56B-B93CB9D3A27E}.Release|Any CPU.Build.0 = Release|Any CPU
	EndGlobalSection
	GlobalSection(SolutionProperties) = preSolution
		HideSolutionNode = FALSE
	EndGlobalSection
	GlobalSection(ExtensibilityGlobals) = postSolution
		SolutionGuid = {A9DF80A3-EEF6-4012-9964-6AE4F0FB0322}
	EndGlobalSection
EndGlobal
