
Microsoft Visual Studio Solution File, Format Version 12.00
# Visual Studio Version 17
VisualStudioVersion = 17.3.32804.467
MinimumVisualStudioVersion = 10.0.40219.1
Project("{FAE04EC0-301F-11D3-BF4B-00C04F79EFBC}") = "Parsing_Game_Pt1", "Parsing_Game_Pt1\Parsing_Game_Pt1.csproj", "{FF09243C-F50C-479F-9F53-9C48FE6D6F8E}"
EndProject
Global
	GlobalSection(SolutionConfigurationPlatforms) = preSolution
		Debug|Any CPU = Debug|Any CPU
		Release|Any CPU = Release|Any CPU
	EndGlobalSection
	GlobalSection(ProjectConfigurationPlatforms) = postSolution
		{FF09243C-F50C-479F-9F53-9C48FE6D6F8E}.Debug|Any CPU.ActiveCfg = Debug|Any CPU
		{FF09243C-F50C-479F-9F53-9C48FE6D6F8E}.Debug|Any CPU.Build.0 = Debug|Any CPU
		{FF09243C-F50C-479F-9F53-9C48FE6D6F8E}.Release|Any CPU.ActiveCfg = Release|Any CPU
		{FF09243C-F50C-479F-9F53-9C48FE6D6F8E}.Release|Any CPU.Build.0 = Release|Any CPU
	EndGlobalSection
	GlobalSection(SolutionProperties) = preSolution
		HideSolutionNode = FALSE
	EndGlobalSection
	GlobalSection(ExtensibilityGlobals) = postSolution
		SolutionGuid = {B324A0B6-4C35-4651-A656-A9E4EFB7E759}
	EndGlobalSection
EndGlobal
