
Microsoft Visual Studio Solution File, Format Version 12.00
# Visual Studio Version 17
VisualStudioVersion = 17.3.32804.467
MinimumVisualStudioVersion = 10.0.40219.1
Project("{FAE04EC0-301F-11D3-BF4B-00C04F79EFBC}") = "Lambda_Expressions", "Lambda_Expressions\Lambda_Expressions.csproj", "{71209A2C-79D3-41C2-8C84-7FE71E263B9B}"
EndProject
Global
	GlobalSection(SolutionConfigurationPlatforms) = preSolution
		Debug|Any CPU = Debug|Any CPU
		Release|Any CPU = Release|Any CPU
	EndGlobalSection
	GlobalSection(ProjectConfigurationPlatforms) = postSolution
		{71209A2C-79D3-41C2-8C84-7FE71E263B9B}.Debug|Any CPU.ActiveCfg = Debug|Any CPU
		{71209A2C-79D3-41C2-8C84-7FE71E263B9B}.Debug|Any CPU.Build.0 = Debug|Any CPU
		{71209A2C-79D3-41C2-8C84-7FE71E263B9B}.Release|Any CPU.ActiveCfg = Release|Any CPU
		{71209A2C-79D3-41C2-8C84-7FE71E263B9B}.Release|Any CPU.Build.0 = Release|Any CPU
	EndGlobalSection
	GlobalSection(SolutionProperties) = preSolution
		HideSolutionNode = FALSE
	EndGlobalSection
	GlobalSection(ExtensibilityGlobals) = postSolution
		SolutionGuid = {C83767E3-A0F5-443B-B42A-215B0F80A054}
	EndGlobalSection
EndGlobal
