
Microsoft Visual Studio Solution File, Format Version 12.00
# Visual Studio Version 17
VisualStudioVersion = 17.3.32804.467
MinimumVisualStudioVersion = 10.0.40219.1
Project("{FAE04EC0-301F-11D3-BF4B-00C04F79EFBC}") = "IEnumerableDemo3", "IEnumerableDemo3\IEnumerableDemo3.csproj", "{727D4DE4-CD39-44E3-80B8-2768E86D4D73}"
EndProject
Global
	GlobalSection(SolutionConfigurationPlatforms) = preSolution
		Debug|Any CPU = Debug|Any CPU
		Release|Any CPU = Release|Any CPU
	EndGlobalSection
	GlobalSection(ProjectConfigurationPlatforms) = postSolution
		{727D4DE4-CD39-44E3-80B8-2768E86D4D73}.Debug|Any CPU.ActiveCfg = Debug|Any CPU
		{727D4DE4-CD39-44E3-80B8-2768E86D4D73}.Debug|Any CPU.Build.0 = Debug|Any CPU
		{727D4DE4-CD39-44E3-80B8-2768E86D4D73}.Release|Any CPU.ActiveCfg = Release|Any CPU
		{727D4DE4-CD39-44E3-80B8-2768E86D4D73}.Release|Any CPU.Build.0 = Release|Any CPU
	EndGlobalSection
	GlobalSection(SolutionProperties) = preSolution
		HideSolutionNode = FALSE
	EndGlobalSection
	GlobalSection(ExtensibilityGlobals) = postSolution
		SolutionGuid = {ED0A1CF3-3336-4A96-891E-2433B6E1839C}
	EndGlobalSection
EndGlobal
