
Microsoft Visual Studio Solution File, Format Version 12.00
# Visual Studio Version 17
VisualStudioVersion = 17.3.32804.467
MinimumVisualStudioVersion = 10.0.40219.1
Project("{FAE04EC0-301F-11D3-BF4B-00C04F79EFBC}") = "Polymorphism_Intro", "Polymorphism_Intro\Polymorphism_Intro.csproj", "{545AFD48-182E-4528-B651-C53C5E166701}"
EndProject
Global
	GlobalSection(SolutionConfigurationPlatforms) = preSolution
		Debug|Any CPU = Debug|Any CPU
		Release|Any CPU = Release|Any CPU
	EndGlobalSection
	GlobalSection(ProjectConfigurationPlatforms) = postSolution
		{545AFD48-182E-4528-B651-C53C5E166701}.Debug|Any CPU.ActiveCfg = Debug|Any CPU
		{545AFD48-182E-4528-B651-C53C5E166701}.Debug|Any CPU.Build.0 = Debug|Any CPU
		{545AFD48-182E-4528-B651-C53C5E166701}.Release|Any CPU.ActiveCfg = Release|Any CPU
		{545AFD48-182E-4528-B651-C53C5E166701}.Release|Any CPU.Build.0 = Release|Any CPU
	EndGlobalSection
	GlobalSection(SolutionProperties) = preSolution
		HideSolutionNode = FALSE
	EndGlobalSection
	GlobalSection(ExtensibilityGlobals) = postSolution
		SolutionGuid = {2A1E0BF1-101C-43A2-AD3A-099C1E1BEBE3}
	EndGlobalSection
EndGlobal
