
Microsoft Visual Studio Solution File, Format Version 12.00
# Visual Studio Version 17
VisualStudioVersion = 17.3.32819.101
MinimumVisualStudioVersion = 10.0.40219.1
Project("{FAE04EC0-301F-11D3-BF4B-00C04F79EFBC}") = "WPF_ZooManager", "WPF_ZooManager\WPF_ZooManager.csproj", "{BA41BD50-A00D-49D1-854C-DD0939B8C880}"
EndProject
Global
	GlobalSection(SolutionConfigurationPlatforms) = preSolution
		Debug|Any CPU = Debug|Any CPU
		Release|Any CPU = Release|Any CPU
	EndGlobalSection
	GlobalSection(ProjectConfigurationPlatforms) = postSolution
		{BA41BD50-A00D-49D1-854C-DD0939B8C880}.Debug|Any CPU.ActiveCfg = Debug|Any CPU
		{BA41BD50-A00D-49D1-854C-DD0939B8C880}.Debug|Any CPU.Build.0 = Debug|Any CPU
		{BA41BD50-A00D-49D1-854C-DD0939B8C880}.Release|Any CPU.ActiveCfg = Release|Any CPU
		{BA41BD50-A00D-49D1-854C-DD0939B8C880}.Release|Any CPU.Build.0 = Release|Any CPU
	EndGlobalSection
	GlobalSection(SolutionProperties) = preSolution
		HideSolutionNode = FALSE
	EndGlobalSection
	GlobalSection(ExtensibilityGlobals) = postSolution
		SolutionGuid = {B001DD28-1483-446E-AB83-EF1CB180B322}
	EndGlobalSection
EndGlobal
