
Microsoft Visual Studio Solution File, Format Version 12.00
# Visual Studio Version 17
VisualStudioVersion = 17.3.32825.248
MinimumVisualStudioVersion = 10.0.40219.1
Project("{FAE04EC0-301F-11D3-BF4B-00C04F79EFBC}") = "Threading_Basics", "Threading_Basics\Threading_Basics.csproj", "{1ADFC755-AD5E-4F5E-925A-045E9DA0CFD4}"
EndProject
Global
	GlobalSection(SolutionConfigurationPlatforms) = preSolution
		Debug|Any CPU = Debug|Any CPU
		Release|Any CPU = Release|Any CPU
	EndGlobalSection
	GlobalSection(ProjectConfigurationPlatforms) = postSolution
		{1ADFC755-AD5E-4F5E-925A-045E9DA0CFD4}.Debug|Any CPU.ActiveCfg = Debug|Any CPU
		{1ADFC755-AD5E-4F5E-925A-045E9DA0CFD4}.Debug|Any CPU.Build.0 = Debug|Any CPU
		{1ADFC755-AD5E-4F5E-925A-045E9DA0CFD4}.Release|Any CPU.ActiveCfg = Release|Any CPU
		{1ADFC755-AD5E-4F5E-925A-045E9DA0CFD4}.Release|Any CPU.Build.0 = Release|Any CPU
	EndGlobalSection
	GlobalSection(SolutionProperties) = preSolution
		HideSolutionNode = FALSE
	EndGlobalSection
	GlobalSection(ExtensibilityGlobals) = postSolution
		SolutionGuid = {AB7FCE1A-FE8E-4526-9977-4EFF423B7381}
	EndGlobalSection
EndGlobal
