
Microsoft Visual Studio Solution File, Format Version 12.00
# Visual Studio Version 17
VisualStudioVersion = 17.3.32825.248
MinimumVisualStudioVersion = 10.0.40219.1
Project("{FAE04EC0-301F-11D3-BF4B-00C04F79EFBC}") = "Threading_ThreadPools_ThreadsInBackground", "Threading_ThreadPools_ThreadsInBackground\Threading_ThreadPools_ThreadsInBackground.csproj", "{594B84D8-FF73-4C75-BA16-402B92D37A33}"
EndProject
Global
	GlobalSection(SolutionConfigurationPlatforms) = preSolution
		Debug|Any CPU = Debug|Any CPU
		Release|Any CPU = Release|Any CPU
	EndGlobalSection
	GlobalSection(ProjectConfigurationPlatforms) = postSolution
		{594B84D8-FF73-4C75-BA16-402B92D37A33}.Debug|Any CPU.ActiveCfg = Debug|Any CPU
		{594B84D8-FF73-4C75-BA16-402B92D37A33}.Debug|Any CPU.Build.0 = Debug|Any CPU
		{594B84D8-FF73-4C75-BA16-402B92D37A33}.Release|Any CPU.ActiveCfg = Release|Any CPU
		{594B84D8-FF73-4C75-BA16-402B92D37A33}.Release|Any CPU.Build.0 = Release|Any CPU
	EndGlobalSection
	GlobalSection(SolutionProperties) = preSolution
		HideSolutionNode = FALSE
	EndGlobalSection
	GlobalSection(ExtensibilityGlobals) = postSolution
		SolutionGuid = {6F456088-F9C6-4A5C-A524-34FA6FA7ED51}
	EndGlobalSection
EndGlobal
