
Microsoft Visual Studio Solution File, Format Version 12.00
# Visual Studio Version 17
VisualStudioVersion = 17.2.32616.157
MinimumVisualStudioVersion = 10.0.40219.1
Project("{FAE04EC0-301F-11D3-BF4B-00C04F79EFBC}") = "NestedIFChallenge-Sec4", "NestedIFChallenge-Sec4\NestedIFChallenge-Sec4.csproj", "{1D0392C2-D974-4475-B40F-78DFA871795B}"
EndProject
Global
	GlobalSection(SolutionConfigurationPlatforms) = preSolution
		Debug|Any CPU = Debug|Any CPU
		Release|Any CPU = Release|Any CPU
	EndGlobalSection
	GlobalSection(ProjectConfigurationPlatforms) = postSolution
		{1D0392C2-D974-4475-B40F-78DFA871795B}.Debug|Any CPU.ActiveCfg = Debug|Any CPU
		{1D0392C2-D974-4475-B40F-78DFA871795B}.Debug|Any CPU.Build.0 = Debug|Any CPU
		{1D0392C2-D974-4475-B40F-78DFA871795B}.Release|Any CPU.ActiveCfg = Release|Any CPU
		{1D0392C2-D974-4475-B40F-78DFA871795B}.Release|Any CPU.Build.0 = Release|Any CPU
	EndGlobalSection
	GlobalSection(SolutionProperties) = preSolution
		HideSolutionNode = FALSE
	EndGlobalSection
	GlobalSection(ExtensibilityGlobals) = postSolution
		SolutionGuid = {B6EFA5EE-2606-48E3-BE7C-0D1D9ADBB107}
	EndGlobalSection
EndGlobal
