
Microsoft Visual Studio Solution File, Format Version 12.00
# Visual Studio Version 17
VisualStudioVersion = 17.2.32616.157
MinimumVisualStudioVersion = 10.0.40219.1
Project("{FAE04EC0-301F-11D3-BF4B-00C04F79EFBC}") = "LoginSystem-Sec4-Chall", "LoginSystem-Sec4-Chall\LoginSystem-Sec4-Chall.csproj", "{6776715E-F3A4-4162-9D52-D0DC0B267C42}"
EndProject
Global
	GlobalSection(SolutionConfigurationPlatforms) = preSolution
		Debug|Any CPU = Debug|Any CPU
		Release|Any CPU = Release|Any CPU
	EndGlobalSection
	GlobalSection(ProjectConfigurationPlatforms) = postSolution
		{6776715E-F3A4-4162-9D52-D0DC0B267C42}.Debug|Any CPU.ActiveCfg = Debug|Any CPU
		{6776715E-F3A4-4162-9D52-D0DC0B267C42}.Debug|Any CPU.Build.0 = Debug|Any CPU
		{6776715E-F3A4-4162-9D52-D0DC0B267C42}.Release|Any CPU.ActiveCfg = Release|Any CPU
		{6776715E-F3A4-4162-9D52-D0DC0B267C42}.Release|Any CPU.Build.0 = Release|Any CPU
	EndGlobalSection
	GlobalSection(SolutionProperties) = preSolution
		HideSolutionNode = FALSE
	EndGlobalSection
	GlobalSection(ExtensibilityGlobals) = postSolution
		SolutionGuid = {4D0529C1-9198-485E-B321-C0F4F27B0770}
	EndGlobalSection
EndGlobal
