
Microsoft Visual Studio Solution File, Format Version 12.00
# Visual Studio Version 17
VisualStudioVersion = 17.2.32630.192
MinimumVisualStudioVersion = 10.0.40219.1
Project("{FAE04EC0-301F-11D3-BF4B-00C04F79EFBC}") = "Arrays", "Arrays\Arrays.csproj", "{404D9E73-17A5-4FA9-9E51-9C75C0A86C90}"
EndProject
Global
	GlobalSection(SolutionConfigurationPlatforms) = preSolution
		Debug|Any CPU = Debug|Any CPU
		Release|Any CPU = Release|Any CPU
	EndGlobalSection
	GlobalSection(ProjectConfigurationPlatforms) = postSolution
		{404D9E73-17A5-4FA9-9E51-9C75C0A86C90}.Debug|Any CPU.ActiveCfg = Debug|Any CPU
		{404D9E73-17A5-4FA9-9E51-9C75C0A86C90}.Debug|Any CPU.Build.0 = Debug|Any CPU
		{404D9E73-17A5-4FA9-9E51-9C75C0A86C90}.Release|Any CPU.ActiveCfg = Release|Any CPU
		{404D9E73-17A5-4FA9-9E51-9C75C0A86C90}.Release|Any CPU.Build.0 = Release|Any CPU
	EndGlobalSection
	GlobalSection(SolutionProperties) = preSolution
		HideSolutionNode = FALSE
	EndGlobalSection
	GlobalSection(ExtensibilityGlobals) = postSolution
		SolutionGuid = {C3BD990C-AD69-41D3-8368-55834D569EC1}
	EndGlobalSection
EndGlobal
