
Microsoft Visual Studio Solution File, Format Version 12.00
# Visual Studio Version 17
VisualStudioVersion = 17.2.32630.192
MinimumVisualStudioVersion = 10.0.40219.1
Project("{FAE04EC0-301F-11D3-BF4B-00C04F79EFBC}") = "ForEachLoops", "ForEachLoops\ForEachLoops.csproj", "{613FBCD5-B19F-43B2-8FF7-0A8D74EED025}"
EndProject
Global
	GlobalSection(SolutionConfigurationPlatforms) = preSolution
		Debug|Any CPU = Debug|Any CPU
		Release|Any CPU = Release|Any CPU
	EndGlobalSection
	GlobalSection(ProjectConfigurationPlatforms) = postSolution
		{613FBCD5-B19F-43B2-8FF7-0A8D74EED025}.Debug|Any CPU.ActiveCfg = Debug|Any CPU
		{613FBCD5-B19F-43B2-8FF7-0A8D74EED025}.Debug|Any CPU.Build.0 = Debug|Any CPU
		{613FBCD5-B19F-43B2-8FF7-0A8D74EED025}.Release|Any CPU.ActiveCfg = Release|Any CPU
		{613FBCD5-B19F-43B2-8FF7-0A8D74EED025}.Release|Any CPU.Build.0 = Release|Any CPU
	EndGlobalSection
	GlobalSection(SolutionProperties) = preSolution
		HideSolutionNode = FALSE
	EndGlobalSection
	GlobalSection(ExtensibilityGlobals) = postSolution
		SolutionGuid = {C2AC9ECD-FB2E-4E23-B04E-E109A02332DD}
	EndGlobalSection
EndGlobal
