
Microsoft Visual Studio Solution File, Format Version 12.00
# Visual Studio Version 17
VisualStudioVersion = 17.3.32819.101
MinimumVisualStudioVersion = 10.0.40219.1
Project("{FAE04EC0-301F-11D3-BF4B-00C04F79EFBC}") = "WPF_App_09", "WPF_App_09\WPF_App_09.csproj", "{8F335747-B2BC-4701-9822-39DCB20114D7}"
EndProject
Global
	GlobalSection(SolutionConfigurationPlatforms) = preSolution
		Debug|Any CPU = Debug|Any CPU
		Release|Any CPU = Release|Any CPU
	EndGlobalSection
	GlobalSection(ProjectConfigurationPlatforms) = postSolution
		{8F335747-B2BC-4701-9822-39DCB20114D7}.Debug|Any CPU.ActiveCfg = Debug|Any CPU
		{8F335747-B2BC-4701-9822-39DCB20114D7}.Debug|Any CPU.Build.0 = Debug|Any CPU
		{8F335747-B2BC-4701-9822-39DCB20114D7}.Release|Any CPU.ActiveCfg = Release|Any CPU
		{8F335747-B2BC-4701-9822-39DCB20114D7}.Release|Any CPU.Build.0 = Release|Any CPU
	EndGlobalSection
	GlobalSection(SolutionProperties) = preSolution
		HideSolutionNode = FALSE
	EndGlobalSection
	GlobalSection(ExtensibilityGlobals) = postSolution
		SolutionGuid = {6EB24607-6CF4-40AC-898B-7557D2C38F8F}
	EndGlobalSection
EndGlobal
