
Microsoft Visual Studio Solution File, Format Version 12.00
# Visual Studio Version 17
VisualStudioVersion = 17.3.32819.101
MinimumVisualStudioVersion = 10.0.40219.1
Project("{FAE04EC0-301F-11D3-BF4B-00C04F79EFBC}") = "WPF_App_07", "WPF_App_07\WPF_App_07.csproj", "{2C15ABAB-2DA2-4A46-8085-68781EA2350E}"
EndProject
Global
	GlobalSection(SolutionConfigurationPlatforms) = preSolution
		Debug|Any CPU = Debug|Any CPU
		Release|Any CPU = Release|Any CPU
	EndGlobalSection
	GlobalSection(ProjectConfigurationPlatforms) = postSolution
		{2C15ABAB-2DA2-4A46-8085-68781EA2350E}.Debug|Any CPU.ActiveCfg = Debug|Any CPU
		{2C15ABAB-2DA2-4A46-8085-68781EA2350E}.Debug|Any CPU.Build.0 = Debug|Any CPU
		{2C15ABAB-2DA2-4A46-8085-68781EA2350E}.Release|Any CPU.ActiveCfg = Release|Any CPU
		{2C15ABAB-2DA2-4A46-8085-68781EA2350E}.Release|Any CPU.Build.0 = Release|Any CPU
	EndGlobalSection
	GlobalSection(SolutionProperties) = preSolution
		HideSolutionNode = FALSE
	EndGlobalSection
	GlobalSection(ExtensibilityGlobals) = postSolution
		SolutionGuid = {28AC53CF-5081-4075-AFB5-F87B4F6C88FE}
	EndGlobalSection
EndGlobal
