
Microsoft Visual Studio Solution File, Format Version 12.00
# Visual Studio Version 17
VisualStudioVersion = 17.2.32630.192
MinimumVisualStudioVersion = 10.0.40219.1
Project("{FAE04EC0-301F-11D3-BF4B-00C04F79EFBC}") = "Queues", "Queues\Queues.csproj", "{8DADB40E-D148-4385-8043-850909F1F6F6}"
EndProject
Global
	GlobalSection(SolutionConfigurationPlatforms) = preSolution
		Debug|Any CPU = Debug|Any CPU
		Release|Any CPU = Release|Any CPU
	EndGlobalSection
	GlobalSection(ProjectConfigurationPlatforms) = postSolution
		{8DADB40E-D148-4385-8043-850909F1F6F6}.Debug|Any CPU.ActiveCfg = Debug|Any CPU
		{8DADB40E-D148-4385-8043-850909F1F6F6}.Debug|Any CPU.Build.0 = Debug|Any CPU
		{8DADB40E-D148-4385-8043-850909F1F6F6}.Release|Any CPU.ActiveCfg = Release|Any CPU
		{8DADB40E-D148-4385-8043-850909F1F6F6}.Release|Any CPU.Build.0 = Release|Any CPU
	EndGlobalSection
	GlobalSection(SolutionProperties) = preSolution
		HideSolutionNode = FALSE
	EndGlobalSection
	GlobalSection(ExtensibilityGlobals) = postSolution
		SolutionGuid = {5062EF2D-B1AD-4DE6-8A19-F685E5FEAA4F}
	EndGlobalSection
EndGlobal
