
Microsoft Visual Studio Solution File, Format Version 12.00
# Visual Studio Version 17
VisualStudioVersion = 17.2.32616.157
MinimumVisualStudioVersion = 10.0.40219.1
Project("{FAE04EC0-301F-11D3-BF4B-00C04F79EFBC}") = "BreakAndContinuePractice", "BreakAndContinuePractice\BreakAndContinuePractice.csproj", "{1246BF35-57D7-4F82-96B7-C9338DF898CB}"
EndProject
Global
	GlobalSection(SolutionConfigurationPlatforms) = preSolution
		Debug|Any CPU = Debug|Any CPU
		Release|Any CPU = Release|Any CPU
	EndGlobalSection
	GlobalSection(ProjectConfigurationPlatforms) = postSolution
		{1246BF35-57D7-4F82-96B7-C9338DF898CB}.Debug|Any CPU.ActiveCfg = Debug|Any CPU
		{1246BF35-57D7-4F82-96B7-C9338DF898CB}.Debug|Any CPU.Build.0 = Debug|Any CPU
		{1246BF35-57D7-4F82-96B7-C9338DF898CB}.Release|Any CPU.ActiveCfg = Release|Any CPU
		{1246BF35-57D7-4F82-96B7-C9338DF898CB}.Release|Any CPU.Build.0 = Release|Any CPU
	EndGlobalSection
	GlobalSection(SolutionProperties) = preSolution
		HideSolutionNode = FALSE
	EndGlobalSection
	GlobalSection(ExtensibilityGlobals) = postSolution
		SolutionGuid = {BC401130-2199-4C41-9417-FB076246EC7F}
	EndGlobalSection
EndGlobal
