
Microsoft Visual Studio Solution File, Format Version 12.00
# Visual Studio Version 17
VisualStudioVersion = 17.2.32630.192
MinimumVisualStudioVersion = 10.0.40219.1
Project("{FAE04EC0-301F-11D3-BF4B-00C04F79EFBC}") = "DebuggingPractice", "DebuggingPractice\DebuggingPractice.csproj", "{02C89F21-5B42-4ED7-ADB4-6E9709E8A0EE}"
EndProject
Global
	GlobalSection(SolutionConfigurationPlatforms) = preSolution
		Debug|Any CPU = Debug|Any CPU
		Release|Any CPU = Release|Any CPU
	EndGlobalSection
	GlobalSection(ProjectConfigurationPlatforms) = postSolution
		{02C89F21-5B42-4ED7-ADB4-6E9709E8A0EE}.Debug|Any CPU.ActiveCfg = Debug|Any CPU
		{02C89F21-5B42-4ED7-ADB4-6E9709E8A0EE}.Debug|Any CPU.Build.0 = Debug|Any CPU
		{02C89F21-5B42-4ED7-ADB4-6E9709E8A0EE}.Release|Any CPU.ActiveCfg = Release|Any CPU
		{02C89F21-5B42-4ED7-ADB4-6E9709E8A0EE}.Release|Any CPU.Build.0 = Release|Any CPU
	EndGlobalSection
	GlobalSection(SolutionProperties) = preSolution
		HideSolutionNode = FALSE
	EndGlobalSection
	GlobalSection(ExtensibilityGlobals) = postSolution
		SolutionGuid = {A4A9E3B3-89B6-4B9B-A047-E84E29D8A307}
	EndGlobalSection
EndGlobal
