
Microsoft Visual Studio Solution File, Format Version 12.00
# Visual Studio Version 17
VisualStudioVersion = 17.2.32630.192
MinimumVisualStudioVersion = 10.0.40219.1
Project("{FAE04EC0-301F-11D3-BF4B-00C04F79EFBC}") = "lists", "lists\lists.csproj", "{161EB440-BDAD-48A9-A7A5-126DC1E96CA2}"
EndProject
Global
	GlobalSection(SolutionConfigurationPlatforms) = preSolution
		Debug|Any CPU = Debug|Any CPU
		Release|Any CPU = Release|Any CPU
	EndGlobalSection
	GlobalSection(ProjectConfigurationPlatforms) = postSolution
		{161EB440-BDAD-48A9-A7A5-126DC1E96CA2}.Debug|Any CPU.ActiveCfg = Debug|Any CPU
		{161EB440-BDAD-48A9-A7A5-126DC1E96CA2}.Debug|Any CPU.Build.0 = Debug|Any CPU
		{161EB440-BDAD-48A9-A7A5-126DC1E96CA2}.Release|Any CPU.ActiveCfg = Release|Any CPU
		{161EB440-BDAD-48A9-A7A5-126DC1E96CA2}.Release|Any CPU.Build.0 = Release|Any CPU
	EndGlobalSection
	GlobalSection(SolutionProperties) = preSolution
		HideSolutionNode = FALSE
	EndGlobalSection
	GlobalSection(ExtensibilityGlobals) = postSolution
		SolutionGuid = {09F38AF6-AE2C-4FE3-9CF3-34B9F3A22320}
	EndGlobalSection
EndGlobal
