
Microsoft Visual Studio Solution File, Format Version 12.00
# Visual Studio Version 17
VisualStudioVersion = 17.3.32804.467
MinimumVisualStudioVersion = 10.0.40219.1
Project("{FAE04EC0-301F-11D3-BF4B-00C04F79EFBC}") = "Ex13_Math_Class", "Ex13_Math_Class\Ex13_Math_Class.csproj", "{281560A2-78EA-4660-952B-159866472CEA}"
EndProject
Global
	GlobalSection(SolutionConfigurationPlatforms) = preSolution
		Debug|Any CPU = Debug|Any CPU
		Release|Any CPU = Release|Any CPU
	EndGlobalSection
	GlobalSection(ProjectConfigurationPlatforms) = postSolution
		{281560A2-78EA-4660-952B-159866472CEA}.Debug|Any CPU.ActiveCfg = Debug|Any CPU
		{281560A2-78EA-4660-952B-159866472CEA}.Debug|Any CPU.Build.0 = Debug|Any CPU
		{281560A2-78EA-4660-952B-159866472CEA}.Release|Any CPU.ActiveCfg = Release|Any CPU
		{281560A2-78EA-4660-952B-159866472CEA}.Release|Any CPU.Build.0 = Release|Any CPU
	EndGlobalSection
	GlobalSection(SolutionProperties) = preSolution
		HideSolutionNode = FALSE
	EndGlobalSection
	GlobalSection(ExtensibilityGlobals) = postSolution
		SolutionGuid = {A9FFEC79-872D-4382-B8DD-49B41813C05B}
	EndGlobalSection
EndGlobal
