
Microsoft Visual Studio Solution File, Format Version 12.00
# Visual Studio Version 17
VisualStudioVersion = 17.2.32616.157
MinimumVisualStudioVersion = 10.0.40219.1
Project("{FAE04EC0-301F-11D3-BF4B-00C04F79EFBC}") = "TernaryChallenge", "TernaryChallenge\TernaryChallenge.csproj", "{582B0956-7C31-484C-B5BB-77E9A6328827}"
EndProject
Global
	GlobalSection(SolutionConfigurationPlatforms) = preSolution
		Debug|Any CPU = Debug|Any CPU
		Release|Any CPU = Release|Any CPU
	EndGlobalSection
	GlobalSection(ProjectConfigurationPlatforms) = postSolution
		{582B0956-7C31-484C-B5BB-77E9A6328827}.Debug|Any CPU.ActiveCfg = Debug|Any CPU
		{582B0956-7C31-484C-B5BB-77E9A6328827}.Debug|Any CPU.Build.0 = Debug|Any CPU
		{582B0956-7C31-484C-B5BB-77E9A6328827}.Release|Any CPU.ActiveCfg = Release|Any CPU
		{582B0956-7C31-484C-B5BB-77E9A6328827}.Release|Any CPU.Build.0 = Release|Any CPU
	EndGlobalSection
	GlobalSection(SolutionProperties) = preSolution
		HideSolutionNode = FALSE
	EndGlobalSection
	GlobalSection(ExtensibilityGlobals) = postSolution
		SolutionGuid = {306327CB-4648-4453-8D0D-C7B1ACAF4CDC}
	EndGlobalSection
EndGlobal
