
Microsoft Visual Studio Solution File, Format Version 12.00
# Visual Studio Version 17
VisualStudioVersion = 17.3.32804.467
MinimumVisualStudioVersion = 10.0.40219.1
Project("{FAE04EC0-301F-11D3-BF4B-00C04F79EFBC}") = "Anonymous_Methods", "Anonymous_Methods\Anonymous_Methods.csproj", "{1F54CA94-5003-411A-8DA9-4974C1BCD346}"
EndProject
Global
	GlobalSection(SolutionConfigurationPlatforms) = preSolution
		Debug|Any CPU = Debug|Any CPU
		Release|Any CPU = Release|Any CPU
	EndGlobalSection
	GlobalSection(ProjectConfigurationPlatforms) = postSolution
		{1F54CA94-5003-411A-8DA9-4974C1BCD346}.Debug|Any CPU.ActiveCfg = Debug|Any CPU
		{1F54CA94-5003-411A-8DA9-4974C1BCD346}.Debug|Any CPU.Build.0 = Debug|Any CPU
		{1F54CA94-5003-411A-8DA9-4974C1BCD346}.Release|Any CPU.ActiveCfg = Release|Any CPU
		{1F54CA94-5003-411A-8DA9-4974C1BCD346}.Release|Any CPU.Build.0 = Release|Any CPU
	EndGlobalSection
	GlobalSection(SolutionProperties) = preSolution
		HideSolutionNode = FALSE
	EndGlobalSection
	GlobalSection(ExtensibilityGlobals) = postSolution
		SolutionGuid = {C3EDEDF8-B381-430D-876C-6E1724440359}
	EndGlobalSection
EndGlobal
