
Microsoft Visual Studio Solution File, Format Version 12.00
# Visual Studio Version 17
VisualStudioVersion = 17.2.32616.157
MinimumVisualStudioVersion = 10.0.40219.1
Project("{FAE04EC0-301F-11D3-BF4B-00C04F79EFBC}") = "NestedIFElse", "NestedIFElse\NestedIFElse.csproj", "{18028409-5288-4560-9213-369F254CD8B6}"
EndProject
Global
	GlobalSection(SolutionConfigurationPlatforms) = preSolution
		Debug|Any CPU = Debug|Any CPU
		Release|Any CPU = Release|Any CPU
	EndGlobalSection
	GlobalSection(ProjectConfigurationPlatforms) = postSolution
		{18028409-5288-4560-9213-369F254CD8B6}.Debug|Any CPU.ActiveCfg = Debug|Any CPU
		{18028409-5288-4560-9213-369F254CD8B6}.Debug|Any CPU.Build.0 = Debug|Any CPU
		{18028409-5288-4560-9213-369F254CD8B6}.Release|Any CPU.ActiveCfg = Release|Any CPU
		{18028409-5288-4560-9213-369F254CD8B6}.Release|Any CPU.Build.0 = Release|Any CPU
	EndGlobalSection
	GlobalSection(SolutionProperties) = preSolution
		HideSolutionNode = FALSE
	EndGlobalSection
	GlobalSection(ExtensibilityGlobals) = postSolution
		SolutionGuid = {26A79528-0041-4FE8-B214-650D5CB336FF}
	EndGlobalSection
EndGlobal
