
Microsoft Visual Studio Solution File, Format Version 12.00
# Visual Studio 15
VisualStudioVersion = 15.0.26730.16
MinimumVisualStudioVersion = 10.0.40219.1
Project("{FAE04EC0-301F-11D3-BF4B-00C04F79EFBC}") = "AverageChallenge", "AverageChallenge\AverageChallenge.csproj", "{96EE4B7F-8895-474E-9833-60A198EAECB1}"
EndProject
Global
	GlobalSection(SolutionConfigurationPlatforms) = preSolution
		Debug|Any CPU = Debug|Any CPU
		Release|Any CPU = Release|Any CPU
	EndGlobalSection
	GlobalSection(ProjectConfigurationPlatforms) = postSolution
		{96EE4B7F-8895-474E-9833-60A198EAECB1}.Debug|Any CPU.ActiveCfg = Debug|Any CPU
		{96EE4B7F-8895-474E-9833-60A198EAECB1}.Debug|Any CPU.Build.0 = Debug|Any CPU
		{96EE4B7F-8895-474E-9833-60A198EAECB1}.Release|Any CPU.ActiveCfg = Release|Any CPU
		{96EE4B7F-8895-474E-9833-60A198EAECB1}.Release|Any CPU.Build.0 = Release|Any CPU
	EndGlobalSection
	GlobalSection(SolutionProperties) = preSolution
		HideSolutionNode = FALSE
	EndGlobalSection
	GlobalSection(ExtensibilityGlobals) = postSolution
		SolutionGuid = {79B5B15F-7183-4CC6-B1DA-D67158D5FD51}
	EndGlobalSection
EndGlobal
