
Microsoft Visual Studio Solution File, Format Version 12.00
# Visual Studio Version 17
VisualStudioVersion = 17.3.32804.467
MinimumVisualStudioVersion = 10.0.40219.1
Project("{FAE04EC0-301F-11D3-BF4B-00C04F79EFBC}") = "Polymorphism_Intro_Has_A_Relationships", "Polymorphism_Intro_Has_A_Relationships\Polymorphism_Intro_Has_A_Relationships.csproj", "{F12ABA97-C4A5-4EEC-A72D-4EAD057EE04C}"
EndProject
Global
	GlobalSection(SolutionConfigurationPlatforms) = preSolution
		Debug|Any CPU = Debug|Any CPU
		Release|Any CPU = Release|Any CPU
	EndGlobalSection
	GlobalSection(ProjectConfigurationPlatforms) = postSolution
		{F12ABA97-C4A5-4EEC-A72D-4EAD057EE04C}.Debug|Any CPU.ActiveCfg = Debug|Any CPU
		{F12ABA97-C4A5-4EEC-A72D-4EAD057EE04C}.Debug|Any CPU.Build.0 = Debug|Any CPU
		{F12ABA97-C4A5-4EEC-A72D-4EAD057EE04C}.Release|Any CPU.ActiveCfg = Release|Any CPU
		{F12ABA97-C4A5-4EEC-A72D-4EAD057EE04C}.Release|Any CPU.Build.0 = Release|Any CPU
	EndGlobalSection
	GlobalSection(SolutionProperties) = preSolution
		HideSolutionNode = FALSE
	EndGlobalSection
	GlobalSection(ExtensibilityGlobals) = postSolution
		SolutionGuid = {96561DBA-7F96-4501-93FC-9B2DC4B01EE9}
	EndGlobalSection
EndGlobal
