
Microsoft Visual Studio Solution File, Format Version 12.00
# Visual Studio Version 17
VisualStudioVersion = 17.3.32804.467
MinimumVisualStudioVersion = 10.0.40219.1
Project("{FAE04EC0-301F-11D3-BF4B-00C04F79EFBC}") = "IEnumerable_IEnumerator_Demo", "IEnumerable_IEnumerator_Demo\IEnumerable_IEnumerator_Demo.csproj", "{A4EEC59A-8428-4BC5-BA64-F2C112A1388B}"
EndProject
Global
	GlobalSection(SolutionConfigurationPlatforms) = preSolution
		Debug|Any CPU = Debug|Any CPU
		Release|Any CPU = Release|Any CPU
	EndGlobalSection
	GlobalSection(ProjectConfigurationPlatforms) = postSolution
		{A4EEC59A-8428-4BC5-BA64-F2C112A1388B}.Debug|Any CPU.ActiveCfg = Debug|Any CPU
		{A4EEC59A-8428-4BC5-BA64-F2C112A1388B}.Debug|Any CPU.Build.0 = Debug|Any CPU
		{A4EEC59A-8428-4BC5-BA64-F2C112A1388B}.Release|Any CPU.ActiveCfg = Release|Any CPU
		{A4EEC59A-8428-4BC5-BA64-F2C112A1388B}.Release|Any CPU.Build.0 = Release|Any CPU
	EndGlobalSection
	GlobalSection(SolutionProperties) = preSolution
		HideSolutionNode = FALSE
	EndGlobalSection
	GlobalSection(ExtensibilityGlobals) = postSolution
		SolutionGuid = {3D70F97F-41E6-47C4-BD9E-2750D1EE40B2}
	EndGlobalSection
EndGlobal
