
Microsoft Visual Studio Solution File, Format Version 12.00
# Visual Studio Version 17
VisualStudioVersion = 17.2.32616.157
MinimumVisualStudioVersion = 10.0.40219.1
Project("{FAE04EC0-301F-11D3-BF4B-00C04F79EFBC}") = "IfElseTryParse", "IfElseTryParse\IfElseTryParse.csproj", "{609905D8-7162-4ABD-A75F-863F7F50FEC1}"
EndProject
Global
	GlobalSection(SolutionConfigurationPlatforms) = preSolution
		Debug|Any CPU = Debug|Any CPU
		Release|Any CPU = Release|Any CPU
	EndGlobalSection
	GlobalSection(ProjectConfigurationPlatforms) = postSolution
		{609905D8-7162-4ABD-A75F-863F7F50FEC1}.Debug|Any CPU.ActiveCfg = Debug|Any CPU
		{609905D8-7162-4ABD-A75F-863F7F50FEC1}.Debug|Any CPU.Build.0 = Debug|Any CPU
		{609905D8-7162-4ABD-A75F-863F7F50FEC1}.Release|Any CPU.ActiveCfg = Release|Any CPU
		{609905D8-7162-4ABD-A75F-863F7F50FEC1}.Release|Any CPU.Build.0 = Release|Any CPU
	EndGlobalSection
	GlobalSection(SolutionProperties) = preSolution
		HideSolutionNode = FALSE
	EndGlobalSection
	GlobalSection(ExtensibilityGlobals) = postSolution
		SolutionGuid = {08A3463E-EC7D-4DE0-BE44-9F39BCD0947A}
	EndGlobalSection
EndGlobal
