
Microsoft Visual Studio Solution File, Format Version 12.00
# Visual Studio Version 17
VisualStudioVersion = 17.2.32630.192
MinimumVisualStudioVersion = 10.0.40219.1
Project("{FAE04EC0-301F-11D3-BF4B-00C04F79EFBC}") = "Sec7-Switch-Foreach-InstructorSolution", "Sec7-Switch-Foreach-InstructorSolution\Sec7-Switch-Foreach-InstructorSolution.csproj", "{9AD3F392-4F7F-44F6-A9F7-77B13B9D365E}"
EndProject
Global
	GlobalSection(SolutionConfigurationPlatforms) = preSolution
		Debug|Any CPU = Debug|Any CPU
		Release|Any CPU = Release|Any CPU
	EndGlobalSection
	GlobalSection(ProjectConfigurationPlatforms) = postSolution
		{9AD3F392-4F7F-44F6-A9F7-77B13B9D365E}.Debug|Any CPU.ActiveCfg = Debug|Any CPU
		{9AD3F392-4F7F-44F6-A9F7-77B13B9D365E}.Debug|Any CPU.Build.0 = Debug|Any CPU
		{9AD3F392-4F7F-44F6-A9F7-77B13B9D365E}.Release|Any CPU.ActiveCfg = Release|Any CPU
		{9AD3F392-4F7F-44F6-A9F7-77B13B9D365E}.Release|Any CPU.Build.0 = Release|Any CPU
	EndGlobalSection
	GlobalSection(SolutionProperties) = preSolution
		HideSolutionNode = FALSE
	EndGlobalSection
	GlobalSection(ExtensibilityGlobals) = postSolution
		SolutionGuid = {77CE6EAD-7404-4DA8-8DA6-44521F75E192}
	EndGlobalSection
EndGlobal
