
Microsoft Visual Studio Solution File, Format Version 12.00
# Visual Studio Version 17
VisualStudioVersion = 17.3.32804.467
MinimumVisualStudioVersion = 10.0.40219.1
Project("{FAE04EC0-301F-11D3-BF4B-00C04F79EFBC}") = "WPF_App_06", "WPF_App_06\WPF_App_06.csproj", "{6031F768-DF15-49A3-861F-112BB4D7CA8B}"
EndProject
Global
	GlobalSection(SolutionConfigurationPlatforms) = preSolution
		Debug|Any CPU = Debug|Any CPU
		Release|Any CPU = Release|Any CPU
	EndGlobalSection
	GlobalSection(ProjectConfigurationPlatforms) = postSolution
		{6031F768-DF15-49A3-861F-112BB4D7CA8B}.Debug|Any CPU.ActiveCfg = Debug|Any CPU
		{6031F768-DF15-49A3-861F-112BB4D7CA8B}.Debug|Any CPU.Build.0 = Debug|Any CPU
		{6031F768-DF15-49A3-861F-112BB4D7CA8B}.Release|Any CPU.ActiveCfg = Release|Any CPU
		{6031F768-DF15-49A3-861F-112BB4D7CA8B}.Release|Any CPU.Build.0 = Release|Any CPU
	EndGlobalSection
	GlobalSection(SolutionProperties) = preSolution
		HideSolutionNode = FALSE
	EndGlobalSection
	GlobalSection(ExtensibilityGlobals) = postSolution
		SolutionGuid = {6E48BF50-DA1C-45D5-9A60-3D2E4656D73C}
	EndGlobalSection
EndGlobal
